<Solution>
  <Folder Name="/src/">
    <Project Path="src/DISourceGenerator.Library/DISourceGenerator.Library.csproj" Id="9c53538b-2baa-495d-81e2-55802293ca99" />
  </Folder>
  <Folder Name="/tests/">
    <Project Path="tests/ConsoleApp.Tests/ConsoleApp.Tests.csproj" Id="f44648fc-1e74-423c-819a-370d166600b3" />
  </Folder>
</Solution>
